{
  "name": "virtual-hypixel",
  "version": "1.0.0",
  "lockfileVersion": 2,
  "requires": true,
  "packages": {
    "": {
      "name": "virtual-hypixel",
      "version": "1.0.0",
      "license": "ISC",
      "dependencies": {
        "colorts": "^0.1.63"
      }
    },
    "node_modules/colorts": {
      "version": "0.1.63",
      "resolved": "https://registry.npmjs.org/colorts/-/colorts-0.1.63.tgz",
      "integrity": "sha512-prWZKocUjLYvt9Jx4j+KEkeQSm9rvGA2ZB90Je6odMyXPthpb1pTW9/0RxUZ/CRXc+DsydMLOQIrDBgdx5jjOg==",
      "engines": {
        "node": ">=8.1.90"
      }
    }
  },
  "dependencies": {
    "colorts": {
      "version": "0.1.63",
      "resolved": "https://registry.npmjs.org/colorts/-/colorts-0.1.63.tgz",
      "integrity": "sha512-prWZKocUjLYvt9Jx4j+KEkeQSm9rvGA2ZB90Je6odMyXPthpb1pTW9/0RxUZ/CRXc+DsydMLOQIrDBgdx5jjOg=="
    }
  }
}
